
Microsoft Visual Studio Solution File, Format Version 12.00
# Visual Studio Version 16
VisualStudioVersion = 16.0.31005.135
MinimumVisualStudioVersion = 10.0.40219.1
Project("{FAE04EC0-301F-11D3-BF4B-00C04F79EFBC}") = "Lab8_LinqToSql", "Lab8_LinqToSql\Lab8_LinqToSql.csproj", "{CF210C8D-2257-4093-A99A-E531EF28B59D}"
EndProject
Global
	GlobalSection(SolutionConfigurationPlatforms) = preSolution
		Debug|Any CPU = Debug|Any CPU
		Release|Any CPU = Release|Any CPU
	EndGlobalSection
	GlobalSection(ProjectConfigurationPlatforms) = postSolution
		{CF210C8D-2257-4093-A99A-E531EF28B59D}.Debug|Any CPU.ActiveCfg = Debug|Any CPU
		{CF210C8D-2257-4093-A99A-E531EF28B59D}.Debug|Any CPU.Build.0 = Debug|Any CPU
		{CF210C8D-2257-4093-A99A-E531EF28B59D}.Release|Any CPU.ActiveCfg = Release|Any CPU
		{CF210C8D-2257-4093-A99A-E531EF28B59D}.Release|Any CPU.Build.0 = Release|Any CPU
	EndGlobalSection
	GlobalSection(SolutionProperties) = preSolution
		HideSolutionNode = FALSE
	EndGlobalSection
	GlobalSection(ExtensibilityGlobals) = postSolution
		SolutionGuid = {F942CD27-256A-4D32-8FEE-052C30E90E6C}
	EndGlobalSection
EndGlobal
