
Microsoft Visual Studio Solution File, Format Version 12.00
# Visual Studio Version 16
VisualStudioVersion = 16.0.31005.135
MinimumVisualStudioVersion = 10.0.40219.1
Project("{FAE04EC0-301F-11D3-BF4B-00C04F79EFBC}") = "Lab6_Auth", "Lab6_Auth\Lab6_Auth.csproj", "{2381EA36-A5BD-452B-8194-D3B538DF4FBE}"
EndProject
Global
	GlobalSection(SolutionConfigurationPlatforms) = preSolution
		Debug|Any CPU = Debug|Any CPU
		Release|Any CPU = Release|Any CPU
	EndGlobalSection
	GlobalSection(ProjectConfigurationPlatforms) = postSolution
		{2381EA36-A5BD-452B-8194-D3B538DF4FBE}.Debug|Any CPU.ActiveCfg = Debug|Any CPU
		{2381EA36-A5BD-452B-8194-D3B538DF4FBE}.Debug|Any CPU.Build.0 = Debug|Any CPU
		{2381EA36-A5BD-452B-8194-D3B538DF4FBE}.Release|Any CPU.ActiveCfg = Release|Any CPU
		{2381EA36-A5BD-452B-8194-D3B538DF4FBE}.Release|Any CPU.Build.0 = Release|Any CPU
	EndGlobalSection
	GlobalSection(SolutionProperties) = preSolution
		HideSolutionNode = FALSE
	EndGlobalSection
	GlobalSection(ExtensibilityGlobals) = postSolution
		SolutionGuid = {EFA194DC-6920-4C22-B090-3873F5460A4E}
	EndGlobalSection
EndGlobal
